
Microsoft Visual Studio Solution File, Format Version 12.00
# Visual Studio 15
Project("{FAE04EC0-301F-11D3-BF4B-00C04F79EFBC}") = "Assembly-CSharp", "Assembly-CSharp.csproj", "{7418CD06-2B39-9FEE-3906-A33A40A00464}"
EndProject
Project("{FAE04EC0-301F-11D3-BF4B-00C04F79EFBC}") = "Unity.XR.Interaction.Toolkit.Samples.StarterAssets", "Unity.XR.Interaction.Toolkit.Samples.StarterAssets.csproj", "{0FAC99A9-7B94-DFE9-BA57-73BFDD44F88D}"
EndProject
Project("{FAE04EC0-301F-11D3-BF4B-00C04F79EFBC}") = "Unity.XR.Interaction.Toolkit.Samples.ARStarterAssets", "Unity.XR.Interaction.Toolkit.Samples.ARStarterAssets.csproj", "{C06E91DF-100E-F775-D103-5F558273E914}"
EndProject
Project("{FAE04EC0-301F-11D3-BF4B-00C04F79EFBC}") = "Unity.XR.Interaction.Toolkit.Samples.ARStarterAssets.Editor", "Unity.XR.Interaction.Toolkit.Samples.ARStarterAssets.Editor.csproj", "{C7A8DE3A-4A41-BA7C-9841-3BA64F7818BB}"
EndProject
Project("{FAE04EC0-301F-11D3-BF4B-00C04F79EFBC}") = "Assembly-CSharp-Editor-firstpass", "Assembly-CSharp-Editor-firstpass.csproj", "{AE00E0D4-E0CC-8614-93B1-A778D5CEA81C}"
EndProject
Project("{FAE04EC0-301F-11D3-BF4B-00C04F79EFBC}") = "Assembly-CSharp-firstpass", "Assembly-CSharp-firstpass.csproj", "{73C81C9C-5CA1-3646-9E72-01A9017C009D}"
EndProject
Project("{FAE04EC0-301F-11D3-BF4B-00C04F79EFBC}") = "Unity.XR.Interaction.Toolkit.Samples.StarterAssets.Editor", "Unity.XR.Interaction.Toolkit.Samples.StarterAssets.Editor.csproj", "{B1C8E9AF-E398-0E1B-B1E4-99DD052B5DFA}"
EndProject
Global
	GlobalSection(SolutionConfigurationPlatforms) = preSolution
		Debug|Any CPU = Debug|Any CPU
		Release|Any CPU = Release|Any CPU
	EndGlobalSection
	GlobalSection(ProjectConfigurationPlatforms) = postSolution
		{7418CD06-2B39-9FEE-3906-A33A40A00464}.Debug|Any CPU.ActiveCfg = Debug|Any CPU
		{7418CD06-2B39-9FEE-3906-A33A40A00464}.Debug|Any CPU.Build.0 = Debug|Any CPU
		{7418CD06-2B39-9FEE-3906-A33A40A00464}.Release|Any CPU.ActiveCfg = Release|Any CPU
		{7418CD06-2B39-9FEE-3906-A33A40A00464}.Release|Any CPU.Build.0 = Release|Any CPU
		{0FAC99A9-7B94-DFE9-BA57-73BFDD44F88D}.Debug|Any CPU.ActiveCfg = Debug|Any CPU
		{0FAC99A9-7B94-DFE9-BA57-73BFDD44F88D}.Debug|Any CPU.Build.0 = Debug|Any CPU
		{0FAC99A9-7B94-DFE9-BA57-73BFDD44F88D}.Release|Any CPU.ActiveCfg = Release|Any CPU
		{0FAC99A9-7B94-DFE9-BA57-73BFDD44F88D}.Release|Any CPU.Build.0 = Release|Any CPU
		{C06E91DF-100E-F775-D103-5F558273E914}.Debug|Any CPU.ActiveCfg = Debug|Any CPU
		{C06E91DF-100E-F775-D103-5F558273E914}.Debug|Any CPU.Build.0 = Debug|Any CPU
		{C06E91DF-100E-F775-D103-5F558273E914}.Release|Any CPU.ActiveCfg = Release|Any CPU
		{C06E91DF-100E-F775-D103-5F558273E914}.Release|Any CPU.Build.0 = Release|Any CPU
		{C7A8DE3A-4A41-BA7C-9841-3BA64F7818BB}.Debug|Any CPU.ActiveCfg = Debug|Any CPU
		{C7A8DE3A-4A41-BA7C-9841-3BA64F7818BB}.Debug|Any CPU.Build.0 = Debug|Any CPU
		{C7A8DE3A-4A41-BA7C-9841-3BA64F7818BB}.Release|Any CPU.ActiveCfg = Release|Any CPU
		{C7A8DE3A-4A41-BA7C-9841-3BA64F7818BB}.Release|Any CPU.Build.0 = Release|Any CPU
		{AE00E0D4-E0CC-8614-93B1-A778D5CEA81C}.Debug|Any CPU.ActiveCfg = Debug|Any CPU
		{AE00E0D4-E0CC-8614-93B1-A778D5CEA81C}.Debug|Any CPU.Build.0 = Debug|Any CPU
		{AE00E0D4-E0CC-8614-93B1-A778D5CEA81C}.Release|Any CPU.ActiveCfg = Release|Any CPU
		{AE00E0D4-E0CC-8614-93B1-A778D5CEA81C}.Release|Any CPU.Build.0 = Release|Any CPU
		{73C81C9C-5CA1-3646-9E72-01A9017C009D}.Debug|Any CPU.ActiveCfg = Debug|Any CPU
		{73C81C9C-5CA1-3646-9E72-01A9017C009D}.Debug|Any CPU.Build.0 = Debug|Any CPU
		{73C81C9C-5CA1-3646-9E72-01A9017C009D}.Release|Any CPU.ActiveCfg = Release|Any CPU
		{73C81C9C-5CA1-3646-9E72-01A9017C009D}.Release|Any CPU.Build.0 = Release|Any CPU
		{B1C8E9AF-E398-0E1B-B1E4-99DD052B5DFA}.Debug|Any CPU.ActiveCfg = Debug|Any CPU
		{B1C8E9AF-E398-0E1B-B1E4-99DD052B5DFA}.Debug|Any CPU.Build.0 = Debug|Any CPU
		{B1C8E9AF-E398-0E1B-B1E4-99DD052B5DFA}.Release|Any CPU.ActiveCfg = Release|Any CPU
		{B1C8E9AF-E398-0E1B-B1E4-99DD052B5DFA}.Release|Any CPU.Build.0 = Release|Any CPU
	EndGlobalSection
	GlobalSection(SolutionProperties) = preSolution
		HideSolutionNode = FALSE
	EndGlobalSection
EndGlobal
